lockfileVersion: 5.4

specifiers:
  '@types/adm-zip': ^0.5.0
  '@types/node': ^18.11.15
  adm-zip: ^0.5.9

dependencies:
  adm-zip: 0.5.10

devDependencies:
  '@types/adm-zip': 0.5.0
  '@types/node': 18.11.18

packages:

  /@types/adm-zip/0.5.0:
    resolution: {integrity: sha512-FCJBJq9ODsQZUNURo5ILAQueuA8WJhRvuihS3ke2iI25mJlfV2LK8jG2Qj2z2AWg8U0FtWWqBHVRetceLskSaw==}
    dependencies:
      '@types/node': 18.11.18
    dev: true

  /@types/node/18.11.18:
    resolution: {integrity: sha512-DHQpWGjyQKSHj3ebjFI/wRKcqQcdR+MoFBygntYOZytCqNfkd2ZC4ARDJ2DQqhjH5p85Nnd3jhUJIXrszFX/JA==}
    dev: true

  /adm-zip/0.5.10:
    resolution: {integrity: sha512-x0HvcHqVJNTPk/Bw8JbLWlWoo6Wwnsug0fnYYro1HBrjxZ3G7/AZk7Ahv8JwDe1uIcz8eBqvu86FuF1POiG7vQ==}
    engines: {node: '>=6.0'}
    dev: false
